<?xml version="1.0" encoding="utf-8"?>
<Project ToolsVersion="4.0" xmlns="http://schemas.microsoft.com/developer/msbuild/2003">
  <ItemGroup>
    <Filter Include="Source Files">
      <UniqueIdentifier>{4FC737F1-C7A5-4376-A066-2A32D752A2FF}</UniqueIdentifier>
      <Extensions>cpp;c;cc;cxx;c++;cppm;ixx;def;odl;idl;hpj;bat;asm;asmx</Extensions>
    </Filter>
    <Filter Include="Header Files">
      <UniqueIdentifier>{93995380-89BD-4b04-88EB-625FBE52EBFB}</UniqueIdentifier>
      <Extensions>h;hh;hpp;hxx;h++;hm;inl;inc;ipp;xsd</Extensions>
    </Filter>
    <Filter Include="Resource Files">
      <UniqueIdentifier>{67DA6AB6-F800-4c08-8B7A-83BB121AAD01}</UniqueIdentifier>
      <Extensions>rc;ico;cur;bmp;dlg;rc2;rct;bin;rgs;gif;jpg;jpeg;jpe;resx;tiff;tif;png;wav;mfcribbon-ms</Extensions>
    </Filter>
  </ItemGroup>
  <ItemGroup>
    <ClCompile Include="demo.c">
      <Filter>Source Files</Filter>
    </ClCompile>
    <ClCompile Include="b64\buffer.c">
      <Filter>Source Files</Filter>
    </ClCompile>
    <ClCompile Include="b64\decode.c">
      <Filter>Source Files</Filter>
    </ClCompile>
    <ClCompile Include="b64\encode.c">
      <Filter>Source Files</Filter>
    </ClCompile>
    <ClCompile Include="cbmp\cbmp.c">
      <Filter>Source Files</Filter>
    </ClCompile>
    <ClCompile Include="qdbmp\qdbmp.c">
      <Filter>Source Files</Filter>
    </ClCompile>
  </ItemGroup>
  <ItemGroup>
    <ClInclude Include="b64\b64.h">
      <Filter>Header Files</Filter>
    </ClInclude>
    <ClInclude Include="liboqs\include\oqs\aes.h">
      <Filter>Header Files</Filter>
    </ClInclude>
    <ClInclude Include="liboqs\include\oqs\common.h">
      <Filter>Header Files</Filter>
    </ClInclude>
    <ClInclude Include="liboqs\include\oqs\kem.h">
      <Filter>Header Files</Filter>
    </ClInclude>
    <ClInclude Include="liboqs\include\oqs\kem_classic_mceliece.h">
      <Filter>Header Files</Filter>
    </ClInclude>
    <ClInclude Include="liboqs\include\oqs\kem_frodokem.h">
      <Filter>Header Files</Filter>
    </ClInclude>
    <ClInclude Include="liboqs\include\oqs\kem_hqc.h">
      <Filter>Header Files</Filter>
    </ClInclude>
    <ClInclude Include="liboqs\include\oqs\kem_kyber.h">
      <Filter>Header Files</Filter>
    </ClInclude>
    <ClInclude Include="liboqs\include\oqs\kem_ntru.h">
      <Filter>Header Files</Filter>
    </ClInclude>
    <ClInclude Include="liboqs\include\oqs\kem_ntruprime.h">
      <Filter>Header Files</Filter>
    </ClInclude>
    <ClInclude Include="liboqs\include\oqs\kem_saber.h">
      <Filter>Header Files</Filter>
    </ClInclude>
    <ClInclude Include="liboqs\include\oqs\oqs.h">
      <Filter>Header Files</Filter>
    </ClInclude>
    <ClInclude Include="liboqs\include\oqs\oqsconfig.h">
      <Filter>Header Files</Filter>
    </ClInclude>
    <ClInclude Include="liboqs\include\oqs\rand.h">
      <Filter>Header Files</Filter>
    </ClInclude>
    <ClInclude Include="liboqs\include\oqs\sha2.h">
      <Filter>Header Files</Filter>
    </ClInclude>
    <ClInclude Include="liboqs\include\oqs\sha3.h">
      <Filter>Header Files</Filter>
    </ClInclude>
    <ClInclude Include="liboqs\include\oqs\sha3x4.h">
      <Filter>Header Files</Filter>
    </ClInclude>
    <ClInclude Include="liboqs\include\oqs\sig.h">
      <Filter>Header Files</Filter>
    </ClInclude>
    <ClInclude Include="liboqs\include\oqs\sig_dilithium.h">
      <Filter>Header Files</Filter>
    </ClInclude>
    <ClInclude Include="liboqs\include\oqs\sig_falcon.h">
      <Filter>Header Files</Filter>
    </ClInclude>
    <ClInclude Include="liboqs\include\oqs\sig_picnic.h">
      <Filter>Header Files</Filter>
    </ClInclude>
    <ClInclude Include="liboqs\include\oqs\sig_rainbow.h">
      <Filter>Header Files</Filter>
    </ClInclude>
    <ClInclude Include="liboqs\include\oqs\sig_sphincs.h">
      <Filter>Header Files</Filter>
    </ClInclude>
    <ClInclude Include="cbmp\cbmp.h">
      <Filter>Header Files</Filter>
    </ClInclude>
    <ClInclude Include="qdbmp\qdbmp.h">
      <Filter>Header Files</Filter>
    </ClInclude>
  </ItemGroup>
</Project>